github.com/go-zeromq/goczmq/v4 v4.2.2/go.mod h1:Sm/lxrfxP/Oxqs0tnHD6WAhwkWrx+S+1MRrKzcxoaYE=
github.com/go-zeromq/zmq4 v0.12.0 h1:HQ6zlf6T8WzeZ2wEuNTMrSLP4B8PTBxhzu/LU/7/2Vw=
github.com/go-zeromq/zmq4 v0.12.0/go.mod h1:TrFwdPHMSLG7Rhp8OVhQBkb4bSajfucWv8rwoEFIgSY=
github.com/go-zeromq/zmq4 v0.13.0 h1:XUWXLyeRsPsv4KlKMXnv/cEm//Vew2RLuNmDFQnZQXU=
github.com/go-zeromq/zmq4 v0.13.0/go.mod h1:TrFwdPHMSLG7Rhp8OVhQBkb4bSajfucWv8rwoEFIgSY=
golang.org/x/sync v0.0.0-20190423024810-112230192c58/go.mod h1:RxMgew5VJxzue5/jJTE5uejpjVlOe/izrB70Jof72aM=
golang.org/x/sync v0.0.0-20201020160332-67f06af15bc9 h1:SQFwaSi55rU7vdNs9Yr0Z324VNlrF+0wMqRXT4St8ck=
golang.org/x/sync v0.0.0-20201020160332-67f06af15bc9/go.mod h1:RxMgew5VJxzue5/jJTE5uejpjVlOe/izrB70Jof72aM=
